
Microsoft Visual Studio Solution File, Format Version 12.00
# Visual Studio Version 17
VisualStudioVersion = 17.13.35828.75
MinimumVisualStudioVersion = 10.0.40219.1
Project("{FAE04EC0-301F-11D3-BF4B-00C04F79EFBC}") = "HubService.API", "HubService.API\HubService.API.csproj", "{9D3705C6-2403-470B-9B05-996BAA300505}"
EndProject
Project("{FAE04EC0-301F-11D3-BF4B-00C04F79EFBC}") = "HubService.Application", "HubService.Application\HubService.Application.csproj", "{6843088D-E94B-41D8-BBAD-20EFA3F9428B}"
EndProject
Project("{FAE04EC0-301F-11D3-BF4B-00C04F79EFBC}") = "HubService.Domain", "HubService.Domain\HubService.Domain.csproj", "{B5030885-6511-46B6-BF59-A0CD1296C0BA}"
EndProject
Project("{FAE04EC0-301F-11D3-BF4B-00C04F79EFBC}") = "HubService.Infrastructure", "HubService.Infrastructure\HubService.Infrastructure.csproj", "{2274E980-EF90-4AAC-9A6F-1F469D339C0D}"
EndProject
Project("{FAE04EC0-301F-11D3-BF4B-00C04F79EFBC}") = "HubService.Tests", "HubService.Tests\HubService.Tests.csproj", "{E906FA51-E4F4-4C1B-BDDD-D3339BC3CC31}"
EndProject
Global
	GlobalSection(SolutionConfigurationPlatforms) = preSolution
		Debug|Any CPU = Debug|Any CPU
		Release|Any CPU = Release|Any CPU
	EndGlobalSection
	GlobalSection(ProjectConfigurationPlatforms) = postSolution
		{9D3705C6-2403-470B-9B05-996BAA300505}.Debug|Any CPU.ActiveCfg = Debug|Any CPU
		{9D3705C6-2403-470B-9B05-996BAA300505}.Debug|Any CPU.Build.0 = Debug|Any CPU
		{9D3705C6-2403-470B-9B05-996BAA300505}.Release|Any CPU.ActiveCfg = Release|Any CPU
		{9D3705C6-2403-470B-9B05-996BAA300505}.Release|Any CPU.Build.0 = Release|Any CPU
		{6843088D-E94B-41D8-BBAD-20EFA3F9428B}.Debug|Any CPU.ActiveCfg = Debug|Any CPU
		{6843088D-E94B-41D8-BBAD-20EFA3F9428B}.Debug|Any CPU.Build.0 = Debug|Any CPU
		{6843088D-E94B-41D8-BBAD-20EFA3F9428B}.Release|Any CPU.ActiveCfg = Release|Any CPU
		{6843088D-E94B-41D8-BBAD-20EFA3F9428B}.Release|Any CPU.Build.0 = Release|Any CPU
		{B5030885-6511-46B6-BF59-A0CD1296C0BA}.Debug|Any CPU.ActiveCfg = Debug|Any CPU
		{B5030885-6511-46B6-BF59-A0CD1296C0BA}.Debug|Any CPU.Build.0 = Debug|Any CPU
		{B5030885-6511-46B6-BF59-A0CD1296C0BA}.Release|Any CPU.ActiveCfg = Release|Any CPU
		{B5030885-6511-46B6-BF59-A0CD1296C0BA}.Release|Any CPU.Build.0 = Release|Any CPU
		{2274E980-EF90-4AAC-9A6F-1F469D339C0D}.Debug|Any CPU.ActiveCfg = Debug|Any CPU
		{2274E980-EF90-4AAC-9A6F-1F469D339C0D}.Debug|Any CPU.Build.0 = Debug|Any CPU
		{2274E980-EF90-4AAC-9A6F-1F469D339C0D}.Release|Any CPU.ActiveCfg = Release|Any CPU
		{2274E980-EF90-4AAC-9A6F-1F469D339C0D}.Release|Any CPU.Build.0 = Release|Any CPU
		{E906FA51-E4F4-4C1B-BDDD-D3339BC3CC31}.Debug|Any CPU.ActiveCfg = Debug|Any CPU
		{E906FA51-E4F4-4C1B-BDDD-D3339BC3CC31}.Debug|Any CPU.Build.0 = Debug|Any CPU
		{E906FA51-E4F4-4C1B-BDDD-D3339BC3CC31}.Release|Any CPU.ActiveCfg = Release|Any CPU
		{E906FA51-E4F4-4C1B-BDDD-D3339BC3CC31}.Release|Any CPU.Build.0 = Release|Any CPU
	EndGlobalSection
	GlobalSection(SolutionProperties) = preSolution
		HideSolutionNode = FALSE
	EndGlobalSection
	GlobalSection(ExtensibilityGlobals) = postSolution
		SolutionGuid = {53CA087E-7DF5-4252-B9EC-5D7BF46004AB}
	EndGlobalSection
EndGlobal
